
Microsoft Visual Studio Solution File, Format Version 12.00
# Visual Studio 15
VisualStudioVersion = 15.0.28010.2003
MinimumVisualStudioVersion = 10.0.40219.1
Project("{FAE04EC0-301F-11D3-BF4B-00C04F79EFBC}") = "OtherProjects", "ComputerScience40S\OtherProjects.csproj", "{244B7A99-594C-49CC-B2B8-30AF6AA14854}"
EndProject
Global
	GlobalSection(SolutionConfigurationPlatforms) = preSolution
		Debug|Any CPU = Debug|Any CPU
		Release|Any CPU = Release|Any CPU
	EndGlobalSection
	GlobalSection(ProjectConfigurationPlatforms) = postSolution
		{244B7A99-594C-49CC-B2B8-30AF6AA14854}.Debug|Any CPU.ActiveCfg = Debug|Any CPU
		{244B7A99-594C-49CC-B2B8-30AF6AA14854}.Debug|Any CPU.Build.0 = Debug|Any CPU
		{244B7A99-594C-49CC-B2B8-30AF6AA14854}.Release|Any CPU.ActiveCfg = Release|Any CPU
		{244B7A99-594C-49CC-B2B8-30AF6AA14854}.Release|Any CPU.Build.0 = Release|Any CPU
	EndGlobalSection
	GlobalSection(SolutionProperties) = preSolution
		HideSolutionNode = FALSE
	EndGlobalSection
	GlobalSection(ExtensibilityGlobals) = postSolution
		SolutionGuid = {B8C83DB7-395E-45F8-80C4-604EDF10B393}
	EndGlobalSection
EndGlobal
